schema: '2.0'
stages:
  data_ingestion:
    cmd: python -m src.data_ingestion
    deps:
    - path: data/raw_data.csv
      hash: md5
      md5: cc6ec1db03b4f10f8de52c56ff48b085
      size: 1072063
    - path: src/Config.py
      hash: md5
      md5: 54b002d17d6ce78bfa89e4c6db63fe17
      size: 1258
    - path: src/data_ingestion.py
      hash: md5
      md5: 7048178e2ff17ee5fa8cf5fbfd53ccf1
      size: 1265
    outs:
    - path: data/test_data.csv
      hash: md5
      md5: 9a9328e097931b23510abf0b9332a0de
      size: 231669
    - path: data/train_data.csv
      hash: md5
      md5: 70e48411eb591910a80276979a8c03cb
      size: 925517
  data_preprocessing:
    cmd: python -m src.data_preprocessing
    deps:
    - path: data/test_data.csv
      hash: md5
      md5: 9a9328e097931b23510abf0b9332a0de
      size: 231669
    - path: data/train_data.csv
      hash: md5
      md5: 70e48411eb591910a80276979a8c03cb
      size: 925517
    - path: src/data_preprocessing.py
      hash: md5
      md5: 8a6725aa6b502b4a015d0b058cd99ba5
      size: 4830
    params:
      params.yaml:
        data_preprocess:
          features:
          - PageValues
          - ExitRates
          - ProductRelated
          - Administrative
          - BounceRates
          - ProductRelated_Duration
          - Administrative_Duration
          - Month
          - Informational_Duration
          categorical_features:
          - Month
    outs:
    - path: data/artifact/preprocessor.skops
      hash: md5
      md5: 326eefbdb81f43c9323f9b1eb9eb28fb
      size: 75373
    - path: data/processed/x_test.csv
      hash: md5
      md5: 547ec4bbb548ec9c4f47bb3ca22178cc
      size: 344669
    - path: data/processed/x_train.csv
      hash: md5
      md5: b05daacedc25ccacb473732046a2fcdc
      size: 1105139
    - path: data/processed/x_val.csv
      hash: md5
      md5: d87d330bba75e63a58e56ccfeec7c738
      size: 276045
    - path: data/processed/y_test.csv
      hash: md5
      md5: 013dd57e7e0a7aeb15b6aaba284382a4
      size: 14393
    - path: data/processed/y_train.csv
      hash: md5
      md5: 3ce86488ddb202420678eacc5e0c76ee
      size: 46161
    - path: data/processed/y_val.csv
      hash: md5
      md5: d6cda618bd5c6342a47727fc5edffbbb
      size: 11542
  train:
    cmd: python -m src.train
    deps:
    - path: data/processed/x_train.csv
      hash: md5
      md5: b05daacedc25ccacb473732046a2fcdc
      size: 1105139
    - path: data/processed/x_val.csv
      hash: md5
      md5: d87d330bba75e63a58e56ccfeec7c738
      size: 276045
    - path: data/processed/y_train.csv
      hash: md5
      md5: 3ce86488ddb202420678eacc5e0c76ee
      size: 46161
    - path: data/processed/y_val.csv
      hash: md5
      md5: d6cda618bd5c6342a47727fc5edffbbb
      size: 11542
    - path: src/train.py
      hash: md5
      md5: d77ca3b3066021b213e1ac08cc9838a3
      size: 3121
    params:
      params.yaml:
        train:
          random_state: 42
          n_estimators: 75
          learning_rate: 0.05
          objective: binary:logistic
          eval_metric: auc
          max_depth: 3
          subsample: 0.3
          scale_pos_weight: 2.9
    outs:
    - path: data/artifact/model.skops
      hash: md5
      md5: 5d735a3c50c646ae93ef86f3454151b1
      size: 107549
    - path: data/artifact/run_id.txt
      hash: md5
      md5: 8ae1bcdeace4e2d37b690f26bd7af560
      size: 32
  evaluate:
    cmd: python -m src.evaluate
    deps:
    - path: data/artifact/model.skops
      hash: md5
      md5: 5d735a3c50c646ae93ef86f3454151b1
      size: 107549
    - path: data/artifact/run_id.txt
      hash: md5
      md5: 8ae1bcdeace4e2d37b690f26bd7af560
      size: 32
    - path: data/processed/x_test.csv
      hash: md5
      md5: 547ec4bbb548ec9c4f47bb3ca22178cc
      size: 344669
    - path: data/processed/y_test.csv
      hash: md5
      md5: 013dd57e7e0a7aeb15b6aaba284382a4
      size: 14393
    - path: src/evaluate.py
      hash: md5
      md5: 46261632887def5f4ee05ee47dd16601
      size: 4067
    outs:
    - path: data/artifact/evaluation_metrics.json
      hash: md5
      md5: 46155c606a0b1dda5ce556fbbdc9d570
      size: 199
