schema: '2.0'
stages:
  data_ingestion:
    cmd: python -m src.data_ingestion
    deps:
    - path: data/raw_data.csv
      hash: md5
      md5: cc6ec1db03b4f10f8de52c56ff48b085
      size: 1072063
    - path: src/Config.py
      hash: md5
      md5: fc4c0100748834f41f1a9670ff9a52fb
      size: 1053
    - path: src/data_ingestion.py
      hash: md5
      md5: 7048178e2ff17ee5fa8cf5fbfd53ccf1
      size: 1265
    outs:
    - path: data/test_data.csv
      hash: md5
      md5: 9a9328e097931b23510abf0b9332a0de
      size: 231669
    - path: data/train_data.csv
      hash: md5
      md5: 70e48411eb591910a80276979a8c03cb
      size: 925517
  data_preprocessing:
    cmd: python -m src.data_preprocessing
    deps:
    - path: data/test_data.csv
      hash: md5
      md5: 9a9328e097931b23510abf0b9332a0de
      size: 231669
    - path: data/train_data.csv
      hash: md5
      md5: 70e48411eb591910a80276979a8c03cb
      size: 925517
    - path: src/data_ingestion.py
      hash: md5
      md5: 7048178e2ff17ee5fa8cf5fbfd53ccf1
      size: 1265
    params:
      params.yaml:
        data_preprocess:
          features:
          - PageValues
          - ExitRates
          - ProductRelated
          - Administrative
          - BounceRates
          - ProductRelated_Duration
          - Administrative_Duration
          - Month
          - Informational_Duration
          categorical_features:
          - Month
    outs:
    - path: data/artifact/preprocessor.pkl
      hash: md5
      md5: b227f13b88e164d3820a9003f4095eae
      size: 3459
    - path: data/processed/x_test.csv
      hash: md5
      md5: 547ec4bbb548ec9c4f47bb3ca22178cc
      size: 344669
    - path: data/processed/x_train.csv
      hash: md5
      md5: b05daacedc25ccacb473732046a2fcdc
      size: 1105139
    - path: data/processed/x_val.csv
      hash: md5
      md5: d87d330bba75e63a58e56ccfeec7c738
      size: 276045
    - path: data/processed/y_test.csv
      hash: md5
      md5: 013dd57e7e0a7aeb15b6aaba284382a4
      size: 14393
    - path: data/processed/y_train.csv
      hash: md5
      md5: 3ce86488ddb202420678eacc5e0c76ee
      size: 46161
    - path: data/processed/y_val.csv
      hash: md5
      md5: d6cda618bd5c6342a47727fc5edffbbb
      size: 11542
  train:
    cmd: python -m src.train
    deps:
    - path: data/processed/x_train.csv
      hash: md5
      md5: b05daacedc25ccacb473732046a2fcdc
      size: 1105139
    - path: data/processed/x_val.csv
      hash: md5
      md5: d87d330bba75e63a58e56ccfeec7c738
      size: 276045
    - path: data/processed/y_train.csv
      hash: md5
      md5: 3ce86488ddb202420678eacc5e0c76ee
      size: 46161
    - path: data/processed/y_val.csv
      hash: md5
      md5: d6cda618bd5c6342a47727fc5edffbbb
      size: 11542
    - path: src/data_preprocessing.py
      hash: md5
      md5: 1af23d5afa5eb06d2ab521145aeda4fd
      size: 4820
    params:
      params.yaml:
        train:
          random_state: 42
          n_estimators: 75
          learning_rate: 0.05
          objective: binary:logistic
          eval_metric: auc
          max_depth: 3
          subsample: 0.3
          scale_pos_weight: 2.9
    outs:
    - path: data/artifact/model.pkl
      hash: md5
      md5: 789d35f3587ea50c69b8badd85b63768
      size: 91144
  evaluate:
    cmd: python -m src.evaluate
    deps:
    - path: data/artifact/model.pkl
      hash: md5
      md5: 789d35f3587ea50c69b8badd85b63768
      size: 91144
    - path: data/processed/x_test.csv
      hash: md5
      md5: 547ec4bbb548ec9c4f47bb3ca22178cc
      size: 344669
    - path: data/processed/y_test.csv
      hash: md5
      md5: 013dd57e7e0a7aeb15b6aaba284382a4
      size: 14393
    - path: src/train.py
      hash: md5
      md5: 85a2077209c7b44c46a1cde803ddc700
      size: 2446
    outs:
    - path: data/artifact/evaluation_metrics.json
      hash: md5
      md5: 46155c606a0b1dda5ce556fbbdc9d570
      size: 199
